PODS:
  - RIBs (0.9.3):
    - RxRelay (~> 5.0)
    - RxSwift (~> 5.0)
  - RxRelay (5.1.1):
    - RxSwift (~> 5)
  - RxSwift (5.1.1)

DEPENDENCIES:
  - RIBs (from `https://github.com/uber/RIBs`, tag `0.9.2`)

SPEC REPOS:
  trunk:
    - RxRelay
    - RxSwift

EXTERNAL SOURCES:
  RIBs:
    :git: https://github.com/uber/RIBs
    :tag: 0.9.2

CHECKOUT OPTIONS:
  RIBs:
    :git: https://github.com/uber/RIBs
    :tag: 0.9.2

SPEC CHECKSUMS:
  RIBs: efceda5df20c1a1e05139232a4638a6242caa92a
  RxRelay: d77f7d771495f43c556cbc43eebd1bb54d01e8e9
  RxSwift: 81470a2074fa8780320ea5fe4102807cb7118178

PODFILE CHECKSUM: 6018599ad4602cac0f35627bd6a1e87f014781f3

COCOAPODS: 1.10.0
