// !$*UTF8*$!
{
	archiveVersion = 1;
	classes = {
	};
	objectVersion = 51;
	objects = {

/* Begin PBXBuildFile section */
		89795976B1D017C5782024AA /* Pods_TistorySample.framework in Frameworks */ = {isa = PBXBuildFile; fileRef = 368F04E06491DE91F53732A4 /* Pods_TistorySample.framework */; };
		C266E2532581DAD70047C64F /* RIBsExtensions.swift in Sources */ = {isa = PBXBuildFile; fileRef = C266E2522581DAD70047C64F /* RIBsExtensions.swift */; };
		C266E25D2581EBFF0047C64F /* MyPostRouter.swift in Sources */ = {isa = PBXBuildFile; fileRef = C266E25A2581EBFF0047C64F /* MyPostRouter.swift */; };
		C266E25E2581EBFF0047C64F /* MyPostBuilder.swift in Sources */ = {isa = PBXBuildFile; fileRef = C266E25B2581EBFF0047C64F /* MyPostBuilder.swift */; };
		C266E25F2581EBFF0047C64F /* MyPostInteractor.swift in Sources */ = {isa = PBXBuildFile; fileRef = C266E25C2581EBFF0047C64F /* MyPostInteractor.swift */; };
		C266E2642581EC1A0047C64F /* OtherPostRouter.swift in Sources */ = {isa = PBXBuildFile; fileRef = C266E2612581EC1A0047C64F /* OtherPostRouter.swift */; };
		C266E2652581EC1A0047C64F /* OtherPostBuilder.swift in Sources */ = {isa = PBXBuildFile; fileRef = C266E2622581EC1A0047C64F /* OtherPostBuilder.swift */; };
		C266E2662581EC1A0047C64F /* OtherPostInteractor.swift in Sources */ = {isa = PBXBuildFile; fileRef = C266E2632581EC1A0047C64F /* OtherPostInteractor.swift */; };
		C27AD0222580F77800410664 /* BlogRouter.swift in Sources */ = {isa = PBXBuildFile; fileRef = C27AD01D2580F77800410664 /* BlogRouter.swift */; };
		C27AD0232580F77800410664 /* BlogViewController.swift in Sources */ = {isa = PBXBuildFile; fileRef = C27AD01E2580F77800410664 /* BlogViewController.swift */; };
		C27AD0242580F77800410664 /* BlogBuilder.swift in Sources */ = {isa = PBXBuildFile; fileRef = C27AD01F2580F77800410664 /* BlogBuilder.swift */; };
		C27AD0252580F77800410664 /* BlogInteractor.swift in Sources */ = {isa = PBXBuildFile; fileRef = C27AD0202580F77800410664 /* BlogInteractor.swift */; };
		C27AD0262580F77800410664 /* BlogViewController.xib in Resources */ = {isa = PBXBuildFile; fileRef = C27AD0212580F77800410664 /* BlogViewController.xib */; };
		C27AD03A2580FBC700410664 /* MyBlogRouter.swift in Sources */ = {isa = PBXBuildFile; fileRef = C27AD0372580FBC700410664 /* MyBlogRouter.swift */; };
		C27AD03B2580FBC700410664 /* MyBlogBuilder.swift in Sources */ = {isa = PBXBuildFile; fileRef = C27AD0382580FBC700410664 /* MyBlogBuilder.swift */; };
		C27AD03C2580FBC700410664 /* MyBlogInteractor.swift in Sources */ = {isa = PBXBuildFile; fileRef = C27AD0392580FBC700410664 /* MyBlogInteractor.swift */; };
		C27AD0412580FC1E00410664 /* OtherBlogRouter.swift in Sources */ = {isa = PBXBuildFile; fileRef = C27AD03E2580FC1E00410664 /* OtherBlogRouter.swift */; };
		C27AD0422580FC1E00410664 /* OtherBlogBuilder.swift in Sources */ = {isa = PBXBuildFile; fileRef = C27AD03F2580FC1E00410664 /* OtherBlogBuilder.swift */; };
		C27AD0432580FC1E00410664 /* OtherBlogInteractor.swift in Sources */ = {isa = PBXBuildFile; fileRef = C27AD0402580FC1E00410664 /* OtherBlogInteractor.swift */; };
		C27AD0522581B08800410664 /* HomeRouter.swift in Sources */ = {isa = PBXBuildFile; fileRef = C27AD04D2581B08800410664 /* HomeRouter.swift */; };
		C27AD0532581B08800410664 /* HomeViewController.swift in Sources */ = {isa = PBXBuildFile; fileRef = C27AD04E2581B08800410664 /* HomeViewController.swift */; };
		C27AD0542581B08800410664 /* HomeBuilder.swift in Sources */ = {isa = PBXBuildFile; fileRef = C27AD04F2581B08800410664 /* HomeBuilder.swift */; };
		C27AD0552581B08800410664 /* HomeInteractor.swift in Sources */ = {isa = PBXBuildFile; fileRef = C27AD0502581B08800410664 /* HomeInteractor.swift */; };
		C27AD0562581B08800410664 /* HomeViewController.xib in Resources */ = {isa = PBXBuildFile; fileRef = C27AD0512581B08800410664 /* HomeViewController.xib */; };
		C286BE2C2579E7D5009BF631 /* AppDelegate.swift in Sources */ = {isa = PBXBuildFile; fileRef = C286BE2B2579E7D5009BF631 /* AppDelegate.swift */; };
		C286BE2E2579E7D5009BF631 /* SceneDelegate.swift in Sources */ = {isa = PBXBuildFile; fileRef = C286BE2D2579E7D5009BF631 /* SceneDelegate.swift */; };
		C286BE332579E7D5009BF631 /* Main.storyboard in Resources */ = {isa = PBXBuildFile; fileRef = C286BE312579E7D5009BF631 /* Main.storyboard */; };
		C286BE352579E7D8009BF631 /* Assets.xcassets in Resources */ = {isa = PBXBuildFile; fileRef = C286BE342579E7D8009BF631 /* Assets.xcassets */; };
		C286BE382579E7D8009BF631 /* LaunchScreen.storyboard in Resources */ = {isa = PBXBuildFile; fileRef = C286BE362579E7D8009BF631 /* LaunchScreen.storyboard */; };
		C286BE732579ED81009BF631 /* RootRouter.swift in Sources */ = {isa = PBXBuildFile; fileRef = C286BE6F2579ED81009BF631 /* RootRouter.swift */; };
		C286BE742579ED81009BF631 /* RootViewController.swift in Sources */ = {isa = PBXBuildFile; fileRef = C286BE702579ED81009BF631 /* RootViewController.swift */; };
		C286BE752579ED81009BF631 /* RootBuilder.swift in Sources */ = {isa = PBXBuildFile; fileRef = C286BE712579ED81009BF631 /* RootBuilder.swift */; };
		C286BE762579ED81009BF631 /* RootInteractor.swift in Sources */ = {isa = PBXBuildFile; fileRef = C286BE722579ED81009BF631 /* RootInteractor.swift */; };
		C286BE7E2579ED91009BF631 /* MainRouter.swift in Sources */ = {isa = PBXBuildFile; fileRef = C286BE792579ED91009BF631 /* MainRouter.swift */; };
		C286BE7F2579ED91009BF631 /* MainViewController.swift in Sources */ = {isa = PBXBuildFile; fileRef = C286BE7A2579ED91009BF631 /* MainViewController.swift */; };
		C286BE802579ED91009BF631 /* MainBuilder.swift in Sources */ = {isa = PBXBuildFile; fileRef = C286BE7B2579ED91009BF631 /* MainBuilder.swift */; };
		C286BE812579ED91009BF631 /* MainInteractor.swift in Sources */ = {isa = PBXBuildFile; fileRef = C286BE7C2579ED91009BF631 /* MainInteractor.swift */; };
		C286BE822579ED91009BF631 /* MainViewController.xib in Resources */ = {isa = PBXBuildFile; fileRef = C286BE7D2579ED91009BF631 /* MainViewController.xib */; };
		C286BE862579EE93009BF631 /* AppComponent.swift in Sources */ = {isa = PBXBuildFile; fileRef = C286BE852579EE93009BF631 /* AppComponent.swift */; };
/* End PBXBuildFile section */

/* Begin PBXFileReference section */
		0D62FEC42A0CF8D0887ED6E0 /* Pods-TistorySample.debug.xcconfig */ = {isa = PBXFileReference; includeInIndex = 1; lastKnownFileType = text.xcconfig; name = "Pods-TistorySample.debug.xcconfig"; path = "Target Support Files/Pods-TistorySample/Pods-TistorySample.debug.xcconfig"; sourceTree = "<group>"; };
		0FEB96F45904E0ACEEE8C0D8 /* Pods-TistorySample.release.xcconfig */ = {isa = PBXFileReference; includeInIndex = 1; lastKnownFileType = text.xcconfig; name = "Pods-TistorySample.release.xcconfig"; path = "Target Support Files/Pods-TistorySample/Pods-TistorySample.release.xcconfig"; sourceTree = "<group>"; };
		368F04E06491DE91F53732A4 /* Pods_TistorySample.framework */ = {isa = PBXFileReference; explicitFileType = wrapper.framework; includeInIndex = 0; path = Pods_TistorySample.framework; sourceTree = BUILT_PRODUCTS_DIR; };
		C266E2522581DAD70047C64F /* RIBsExtensions.swift */ = {isa = PBXFileReference; lastKnownFileType = sourcecode.swift; path = RIBsExtensions.swift; sourceTree = "<group>"; };
		C266E25A2581EBFF0047C64F /* MyPostRouter.swift */ = {isa = PBXFileReference; lastKnownFileType = sourcecode.swift; path = MyPostRouter.swift; sourceTree = "<group>"; };
		C266E25B2581EBFF0047C64F /* MyPostBuilder.swift */ = {isa = PBXFileReference; lastKnownFileType = sourcecode.swift; path = MyPostBuilder.swift; sourceTree = "<group>"; };
		C266E25C2581EBFF0047C64F /* MyPostInteractor.swift */ = {isa = PBXFileReference; lastKnownFileType = sourcecode.swift; path = MyPostInteractor.swift; sourceTree = "<group>"; };
		C266E2612581EC1A0047C64F /* OtherPostRouter.swift */ = {isa = PBXFileReference; lastKnownFileType = sourcecode.swift; path = OtherPostRouter.swift; sourceTree = "<group>"; };
		C266E2622581EC1A0047C64F /* OtherPostBuilder.swift */ = {isa = PBXFileReference; lastKnownFileType = sourcecode.swift; path = OtherPostBuilder.swift; sourceTree = "<group>"; };
		C266E2632581EC1A0047C64F /* OtherPostInteractor.swift */ = {isa = PBXFileReference; lastKnownFileType = sourcecode.swift; path = OtherPostInteractor.swift; sourceTree = "<group>"; };
		C27AD01D2580F77800410664 /* BlogRouter.swift */ = {isa = PBXFileReference; lastKnownFileType = sourcecode.swift; path = BlogRouter.swift; sourceTree = "<group>"; };
		C27AD01E2580F77800410664 /* BlogViewController.swift */ = {isa = PBXFileReference; lastKnownFileType = sourcecode.swift; path = BlogViewController.swift; sourceTree = "<group>"; };
		C27AD01F2580F77800410664 /* BlogBuilder.swift */ = {isa = PBXFileReference; lastKnownFileType = sourcecode.swift; path = BlogBuilder.swift; sourceTree = "<group>"; };
		C27AD0202580F77800410664 /* BlogInteractor.swift */ = {isa = PBXFileReference; lastKnownFileType = sourcecode.swift; path = BlogInteractor.swift; sourceTree = "<group>"; };
		C27AD0212580F77800410664 /* BlogViewController.xib */ = {isa = PBXFileReference; lastKnownFileType = file.xib; path = BlogViewController.xib; sourceTree = "<group>"; };
		C27AD0372580FBC700410664 /* MyBlogRouter.swift */ = {isa = PBXFileReference; lastKnownFileType = sourcecode.swift; path = MyBlogRouter.swift; sourceTree = "<group>"; };
		C27AD0382580FBC700410664 /* MyBlogBuilder.swift */ = {isa = PBXFileReference; lastKnownFileType = sourcecode.swift; path = MyBlogBuilder.swift; sourceTree = "<group>"; };
		C27AD0392580FBC700410664 /* MyBlogInteractor.swift */ = {isa = PBXFileReference; lastKnownFileType = sourcecode.swift; path = MyBlogInteractor.swift; sourceTree = "<group>"; };
		C27AD03E2580FC1E00410664 /* OtherBlogRouter.swift */ = {isa = PBXFileReference; lastKnownFileType = sourcecode.swift; path = OtherBlogRouter.swift; sourceTree = "<group>"; };
		C27AD03F2580FC1E00410664 /* OtherBlogBuilder.swift */ = {isa = PBXFileReference; lastKnownFileType = sourcecode.swift; path = OtherBlogBuilder.swift; sourceTree = "<group>"; };
		C27AD0402580FC1E00410664 /* OtherBlogInteractor.swift */ = {isa = PBXFileReference; lastKnownFileType = sourcecode.swift; path = OtherBlogInteractor.swift; sourceTree = "<group>"; };
		C27AD04D2581B08800410664 /* HomeRouter.swift */ = {isa = PBXFileReference; lastKnownFileType = sourcecode.swift; path = HomeRouter.swift; sourceTree = "<group>"; };
		C27AD04E2581B08800410664 /* HomeViewController.swift */ = {isa = PBXFileReference; lastKnownFileType = sourcecode.swift; path = HomeViewController.swift; sourceTree = "<group>"; };
		C27AD04F2581B08800410664 /* HomeBuilder.swift */ = {isa = PBXFileReference; lastKnownFileType = sourcecode.swift; path = HomeBuilder.swift; sourceTree = "<group>"; };
		C27AD0502581B08800410664 /* HomeInteractor.swift */ = {isa = PBXFileReference; lastKnownFileType = sourcecode.swift; path = HomeInteractor.swift; sourceTree = "<group>"; };
		C27AD0512581B08800410664 /* HomeViewController.xib */ = {isa = PBXFileReference; lastKnownFileType = file.xib; path = HomeViewController.xib; sourceTree = "<group>"; };
		C286BE282579E7D5009BF631 /* TistorySample.app */ = {isa = PBXFileReference; explicitFileType = wrapper.application; includeInIndex = 0; path = TistorySample.app; sourceTree = BUILT_PRODUCTS_DIR; };
		C286BE2B2579E7D5009BF631 /* AppDelegate.swift */ = {isa = PBXFileReference; lastKnownFileType = sourcecode.swift; path = AppDelegate.swift; sourceTree = "<group>"; };
		C286BE2D2579E7D5009BF631 /* SceneDelegate.swift */ = {isa = PBXFileReference; lastKnownFileType = sourcecode.swift; path = SceneDelegate.swift; sourceTree = "<group>"; };
		C286BE322579E7D5009BF631 /* Base */ = {isa = PBXFileReference; lastKnownFileType = file.storyboard; name = Base; path = Base.lproj/Main.storyboard; sourceTree = "<group>"; };
		C286BE342579E7D8009BF631 /* Assets.xcassets */ = {isa = PBXFileReference; lastKnownFileType = folder.assetcatalog; path = Assets.xcassets; sourceTree = "<group>"; };
		C286BE372579E7D8009BF631 /* Base */ = {isa = PBXFileReference; lastKnownFileType = file.storyboard; name = Base; path = Base.lproj/LaunchScreen.storyboard; sourceTree = "<group>"; };
		C286BE392579E7D8009BF631 /* Info.plist */ = {isa = PBXFileReference; lastKnownFileType = text.plist.xml; path = Info.plist; sourceTree = "<group>"; };
		C286BE6F2579ED81009BF631 /* RootRouter.swift */ = {isa = PBXFileReference; lastKnownFileType = sourcecode.swift; path = RootRouter.swift; sourceTree = "<group>"; };
		C286BE702579ED81009BF631 /* RootViewController.swift */ = {isa = PBXFileReference; lastKnownFileType = sourcecode.swift; path = RootViewController.swift; sourceTree = "<group>"; };
		C286BE712579ED81009BF631 /* RootBuilder.swift */ = {isa = PBXFileReference; lastKnownFileType = sourcecode.swift; path = RootBuilder.swift; sourceTree = "<group>"; };
		C286BE722579ED81009BF631 /* RootInteractor.swift */ = {isa = PBXFileReference; lastKnownFileType = sourcecode.swift; path = RootInteractor.swift; sourceTree = "<group>"; };
		C286BE792579ED91009BF631 /* MainRouter.swift */ = {isa = PBXFileReference; lastKnownFileType = sourcecode.swift; path = MainRouter.swift; sourceTree = "<group>"; };
		C286BE7A2579ED91009BF631 /* MainViewController.swift */ = {isa = PBXFileReference; lastKnownFileType = sourcecode.swift; path = MainViewController.swift; sourceTree = "<group>"; };
		C286BE7B2579ED91009BF631 /* MainBuilder.swift */ = {isa = PBXFileReference; lastKnownFileType = sourcecode.swift; path = MainBuilder.swift; sourceTree = "<group>"; };
		C286BE7C2579ED91009BF631 /* MainInteractor.swift */ = {isa = PBXFileReference; lastKnownFileType = sourcecode.swift; path = MainInteractor.swift; sourceTree = "<group>"; };
		C286BE7D2579ED91009BF631 /* MainViewController.xib */ = {isa = PBXFileReference; lastKnownFileType = file.xib; path = MainViewController.xib; sourceTree = "<group>"; };
		C286BE852579EE93009BF631 /* AppComponent.swift */ = {isa = PBXFileReference; lastKnownFileType = sourcecode.swift; path = AppComponent.swift; sourceTree = "<group>"; };
/* End PBXFileReference section */

/* Begin PBXFrameworksBuildPhase section */
		C286BE252579E7D5009BF631 /* Frameworks */ = {
			isa = PBXFrameworksBuildPhase;
			buildActionMask = 2147483647;
			files = (
				89795976B1D017C5782024AA /* Pods_TistorySample.framework in Frameworks */,
			);
			runOnlyForDeploymentPostprocessing = 0;
		};
/* End PBXFrameworksBuildPhase section */

/* Begin PBXGroup section */
		7E3AF9F4E975AC16983C4C42 /* Frameworks */ = {
			isa = PBXGroup;
			children = (
				368F04E06491DE91F53732A4 /* Pods_TistorySample.framework */,
			);
			name = Frameworks;
			sourceTree = "<group>";
		};
		C266E2552581EB840047C64F /* Post */ = {
			isa = PBXGroup;
			children = (
				C266E2572581EBA90047C64F /* Child */,
			);
			path = Post;
			sourceTree = "<group>";
		};
		C266E2572581EBA90047C64F /* Child */ = {
			isa = PBXGroup;
			children = (
				C266E2582581EBAF0047C64F /* MyPost */,
				C266E2592581EBB40047C64F /* OtherPost */,
			);
			path = Child;
			sourceTree = "<group>";
		};
		C266E2582581EBAF0047C64F /* MyPost */ = {
			isa = PBXGroup;
			children = (
				C266E25A2581EBFF0047C64F /* MyPostRouter.swift */,
				C266E25B2581EBFF0047C64F /* MyPostBuilder.swift */,
				C266E25C2581EBFF0047C64F /* MyPostInteractor.swift */,
			);
			path = MyPost;
			sourceTree = "<group>";
		};
		C266E2592581EBB40047C64F /* OtherPost */ = {
			isa = PBXGroup;
			children = (
				C266E2612581EC1A0047C64F /* OtherPostRouter.swift */,
				C266E2622581EC1A0047C64F /* OtherPostBuilder.swift */,
				C266E2632581EC1A0047C64F /* OtherPostInteractor.swift */,
			);
			path = OtherPost;
			sourceTree = "<group>";
		};
		C27AD01C2580F50C00410664 /* Blog */ = {
			isa = PBXGroup;
			children = (
				C27AD0342580FBA300410664 /* Child */,
				C27AD01D2580F77800410664 /* BlogRouter.swift */,
				C27AD01E2580F77800410664 /* BlogViewController.swift */,
				C27AD01F2580F77800410664 /* BlogBuilder.swift */,
				C27AD0202580F77800410664 /* BlogInteractor.swift */,
				C27AD0212580F77800410664 /* BlogViewController.xib */,
			);
			path = Blog;
			sourceTree = "<group>";
		};
		C27AD0342580FBA300410664 /* Child */ = {
			isa = PBXGroup;
			children = (
				C27AD0352580FBAF00410664 /* MyBlog */,
				C27AD0362580FBB400410664 /* OtherBlog */,
			);
			path = Child;
			sourceTree = "<group>";
		};
		C27AD0352580FBAF00410664 /* MyBlog */ = {
			isa = PBXGroup;
			children = (
				C27AD0372580FBC700410664 /* MyBlogRouter.swift */,
				C27AD0382580FBC700410664 /* MyBlogBuilder.swift */,
				C27AD0392580FBC700410664 /* MyBlogInteractor.swift */,
			);
			path = MyBlog;
			sourceTree = "<group>";
		};
		C27AD0362580FBB400410664 /* OtherBlog */ = {
			isa = PBXGroup;
			children = (
				C27AD03E2580FC1E00410664 /* OtherBlogRouter.swift */,
				C27AD03F2580FC1E00410664 /* OtherBlogBuilder.swift */,
				C27AD0402580FC1E00410664 /* OtherBlogInteractor.swift */,
			);
			path = OtherBlog;
			sourceTree = "<group>";
		};
		C27AD04C2581B06E00410664 /* Home */ = {
			isa = PBXGroup;
			children = (
				C27AD04D2581B08800410664 /* HomeRouter.swift */,
				C27AD04E2581B08800410664 /* HomeViewController.swift */,
				C27AD04F2581B08800410664 /* HomeBuilder.swift */,
				C27AD0502581B08800410664 /* HomeInteractor.swift */,
				C27AD0512581B08800410664 /* HomeViewController.xib */,
			);
			path = Home;
			sourceTree = "<group>";
		};
		C286BE1F2579E7D5009BF631 = {
			isa = PBXGroup;
			children = (
				C286BE2A2579E7D5009BF631 /* TistorySample */,
				C286BE292579E7D5009BF631 /* Products */,
				DD75289D77D09F146A5B9D76 /* Pods */,
				7E3AF9F4E975AC16983C4C42 /* Frameworks */,
			);
			sourceTree = "<group>";
		};
		C286BE292579E7D5009BF631 /* Products */ = {
			isa = PBXGroup;
			children = (
				C286BE282579E7D5009BF631 /* TistorySample.app */,
			);
			name = Products;
			sourceTree = "<group>";
		};
		C286BE2A2579E7D5009BF631 /* TistorySample */ = {
			isa = PBXGroup;
			children = (
				C286BEB8257A02C0009BF631 /* App */,
				C286BE6C2579ECE0009BF631 /* RIBs */,
				C286BE2D2579E7D5009BF631 /* SceneDelegate.swift */,
				C286BE342579E7D8009BF631 /* Assets.xcassets */,
				C286BE312579E7D5009BF631 /* Main.storyboard */,
				C286BE362579E7D8009BF631 /* LaunchScreen.storyboard */,
				C286BE392579E7D8009BF631 /* Info.plist */,
			);
			path = TistorySample;
			sourceTree = "<group>";
		};
		C286BE542579EA01009BF631 /* Main */ = {
			isa = PBXGroup;
			children = (
				C286BE792579ED91009BF631 /* MainRouter.swift */,
				C286BE7A2579ED91009BF631 /* MainViewController.swift */,
				C286BE7B2579ED91009BF631 /* MainBuilder.swift */,
				C286BE7C2579ED91009BF631 /* MainInteractor.swift */,
				C286BE7D2579ED91009BF631 /* MainViewController.xib */,
			);
			path = Main;
			sourceTree = "<group>";
		};
		C286BE552579EBF7009BF631 /* Root */ = {
			isa = PBXGroup;
			children = (
				C286BE6F2579ED81009BF631 /* RootRouter.swift */,
				C286BE702579ED81009BF631 /* RootViewController.swift */,
				C286BE712579ED81009BF631 /* RootBuilder.swift */,
				C286BE722579ED81009BF631 /* RootInteractor.swift */,
			);
			path = Root;
			sourceTree = "<group>";
		};
		C286BE6C2579ECE0009BF631 /* RIBs */ = {
			isa = PBXGroup;
			children = (
				C286BE552579EBF7009BF631 /* Root */,
				C286BE542579EA01009BF631 /* Main */,
				C27AD04C2581B06E00410664 /* Home */,
				C27AD01C2580F50C00410664 /* Blog */,
				C266E2552581EB840047C64F /* Post */,
				C266E2522581DAD70047C64F /* RIBsExtensions.swift */,
			);
			path = RIBs;
			sourceTree = "<group>";
		};
		C286BEB8257A02C0009BF631 /* App */ = {
			isa = PBXGroup;
			children = (
				C286BE852579EE93009BF631 /* AppComponent.swift */,
				C286BE2B2579E7D5009BF631 /* AppDelegate.swift */,
			);
			path = App;
			sourceTree = "<group>";
		};
		DD75289D77D09F146A5B9D76 /* Pods */ = {
			isa = PBXGroup;
			children = (
				0D62FEC42A0CF8D0887ED6E0 /* Pods-TistorySample.debug.xcconfig */,
				0FEB96F45904E0ACEEE8C0D8 /* Pods-TistorySample.release.xcconfig */,
			);
			path = Pods;
			sourceTree = "<group>";
		};
/* End PBXGroup section */

/* Begin PBXNativeTarget section */
		C286BE272579E7D5009BF631 /* TistorySample */ = {
			isa = PBXNativeTarget;
			buildConfigurationList = C286BE3C2579E7D8009BF631 /* Build configuration list for PBXNativeTarget "TistorySample" */;
			buildPhases = (
				DE47B705A84CCD53481C8397 /* [CP] Check Pods Manifest.lock */,
				C286BE242579E7D5009BF631 /* Sources */,
				C286BE252579E7D5009BF631 /* Frameworks */,
				C286BE262579E7D5009BF631 /* Resources */,
				EAD0CE74A6B1D6F27E47DB52 /* [CP] Embed Pods Frameworks */,
			);
			buildRules = (
			);
			dependencies = (
			);
			name = TistorySample;
			productName = TistorySample;
			productReference = C286BE282579E7D5009BF631 /* TistorySample.app */;
			productType = "com.apple.product-type.application";
		};
/* End PBXNativeTarget section */

/* Begin PBXProject section */
		C286BE202579E7D5009BF631 /* Project object */ = {
			isa = PBXProject;
			attributes = {
				LastSwiftUpdateCheck = 1220;
				LastUpgradeCheck = 1220;
				TargetAttributes = {
					C286BE272579E7D5009BF631 = {
						CreatedOnToolsVersion = 12.2;
					};
				};
			};
			buildConfigurationList = C286BE232579E7D5009BF631 /* Build configuration list for PBXProject "TistorySample" */;
			compatibilityVersion = "Xcode 9.3";
			developmentRegion = en;
			hasScannedForEncodings = 0;
			knownRegions = (
				en,
				Base,
			);
			mainGroup = C286BE1F2579E7D5009BF631;
			productRefGroup = C286BE292579E7D5009BF631 /* Products */;
			projectDirPath = "";
			projectRoot = "";
			targets = (
				C286BE272579E7D5009BF631 /* TistorySample */,
			);
		};
/* End PBXProject section */

/* Begin PBXResourcesBuildPhase section */
		C286BE262579E7D5009BF631 /* Resources */ = {
			isa = PBXResourcesBuildPhase;
			buildActionMask = 2147483647;
			files = (
				C286BE382579E7D8009BF631 /* LaunchScreen.storyboard in Resources */,
				C286BE352579E7D8009BF631 /* Assets.xcassets in Resources */,
				C286BE332579E7D5009BF631 /* Main.storyboard in Resources */,
				C27AD0262580F77800410664 /* BlogViewController.xib in Resources */,
				C286BE822579ED91009BF631 /* MainViewController.xib in Resources */,
				C27AD0562581B08800410664 /* HomeViewController.xib in Resources */,
			);
			runOnlyForDeploymentPostprocessing = 0;
		};
/* End PBXResourcesBuildPhase section */

/* Begin PBXShellScriptBuildPhase section */
		DE47B705A84CCD53481C8397 /* [CP] Check Pods Manifest.lock */ = {
			isa = PBXShellScriptBuildPhase;
			buildActionMask = 2147483647;
			files = (
			);
			inputFileListPaths = (
			);
			inputPaths = (
				"${PODS_PODFILE_DIR_PATH}/Podfile.lock",
				"${PODS_ROOT}/Manifest.lock",
			);
			name = "[CP] Check Pods Manifest.lock";
			outputFileListPaths = (
			);
			outputPaths = (
				"$(DERIVED_FILE_DIR)/Pods-TistorySample-checkManifestLockResult.txt",
			);
			runOnlyForDeploymentPostprocessing = 0;
			shellPath = /bin/sh;
			shellScript = "diff \"${PODS_PODFILE_DIR_PATH}/Podfile.lock\" \"${PODS_ROOT}/Manifest.lock\" > /dev/null\nif [ $? != 0 ] ; then\n    # print error to STDERR\n    echo \"error: The sandbox is not in sync with the Podfile.lock. Run 'pod install' or update your CocoaPods installation.\" >&2\n    exit 1\nfi\n# This output is used by Xcode 'outputs' to avoid re-running this script phase.\necho \"SUCCESS\" > \"${SCRIPT_OUTPUT_FILE_0}\"\n";
			showEnvVarsInLog = 0;
		};
		EAD0CE74A6B1D6F27E47DB52 /* [CP] Embed Pods Frameworks */ = {
			isa = PBXShellScriptBuildPhase;
			buildActionMask = 2147483647;
			files = (
			);
			inputFileListPaths = (
				"${PODS_ROOT}/Target Support Files/Pods-TistorySample/Pods-TistorySample-frameworks-${CONFIGURATION}-input-files.xcfilelist",
			);
			name = "[CP] Embed Pods Frameworks";
			outputFileListPaths = (
				"${PODS_ROOT}/Target Support Files/Pods-TistorySample/Pods-TistorySample-frameworks-${CONFIGURATION}-output-files.xcfilelist",
			);
			runOnlyForDeploymentPostprocessing = 0;
			shellPath = /bin/sh;
			shellScript = "\"${PODS_ROOT}/Target Support Files/Pods-TistorySample/Pods-TistorySample-frameworks.sh\"\n";
			showEnvVarsInLog = 0;
		};
/* End PBXShellScriptBuildPhase section */

/* Begin PBXSourcesBuildPhase section */
		C286BE242579E7D5009BF631 /* Sources */ = {
			isa = PBXSourcesBuildPhase;
			buildActionMask = 2147483647;
			files = (
				C286BE742579ED81009BF631 /* RootViewController.swift in Sources */,
				C266E25D2581EBFF0047C64F /* MyPostRouter.swift in Sources */,
				C27AD0242580F77800410664 /* BlogBuilder.swift in Sources */,
				C286BE7E2579ED91009BF631 /* MainRouter.swift in Sources */,
				C27AD0232580F77800410664 /* BlogViewController.swift in Sources */,
				C286BE732579ED81009BF631 /* RootRouter.swift in Sources */,
				C27AD03B2580FBC700410664 /* MyBlogBuilder.swift in Sources */,
				C27AD0532581B08800410664 /* HomeViewController.swift in Sources */,
				C27AD0422580FC1E00410664 /* OtherBlogBuilder.swift in Sources */,
				C266E25E2581EBFF0047C64F /* MyPostBuilder.swift in Sources */,
				C266E25F2581EBFF0047C64F /* MyPostInteractor.swift in Sources */,
				C266E2652581EC1A0047C64F /* OtherPostBuilder.swift in Sources */,
				C27AD0552581B08800410664 /* HomeInteractor.swift in Sources */,
				C286BE762579ED81009BF631 /* RootInteractor.swift in Sources */,
				C27AD0222580F77800410664 /* BlogRouter.swift in Sources */,
				C286BE802579ED91009BF631 /* MainBuilder.swift in Sources */,
				C27AD03A2580FBC700410664 /* MyBlogRouter.swift in Sources */,
				C27AD0542581B08800410664 /* HomeBuilder.swift in Sources */,
				C286BE862579EE93009BF631 /* AppComponent.swift in Sources */,
				C286BE812579ED91009BF631 /* MainInteractor.swift in Sources */,
				C266E2642581EC1A0047C64F /* OtherPostRouter.swift in Sources */,
				C27AD0412580FC1E00410664 /* OtherBlogRouter.swift in Sources */,
				C286BE2C2579E7D5009BF631 /* AppDelegate.swift in Sources */,
				C266E2662581EC1A0047C64F /* OtherPostInteractor.swift in Sources */,
				C286BE7F2579ED91009BF631 /* MainViewController.swift in Sources */,
				C286BE2E2579E7D5009BF631 /* SceneDelegate.swift in Sources */,
				C27AD0252580F77800410664 /* BlogInteractor.swift in Sources */,
				C266E2532581DAD70047C64F /* RIBsExtensions.swift in Sources */,
				C27AD0432580FC1E00410664 /* OtherBlogInteractor.swift in Sources */,
				C27AD03C2580FBC700410664 /* MyBlogInteractor.swift in Sources */,
				C286BE752579ED81009BF631 /* RootBuilder.swift in Sources */,
				C27AD0522581B08800410664 /* HomeRouter.swift in Sources */,
			);
			runOnlyForDeploymentPostprocessing = 0;
		};
/* End PBXSourcesBuildPhase section */

/* Begin PBXVariantGroup section */
		C286BE312579E7D5009BF631 /* Main.storyboard */ = {
			isa = PBXVariantGroup;
			children = (
				C286BE322579E7D5009BF631 /* Base */,
			);
			name = Main.storyboard;
			sourceTree = "<group>";
		};
		C286BE362579E7D8009BF631 /* LaunchScreen.storyboard */ = {
			isa = PBXVariantGroup;
			children = (
				C286BE372579E7D8009BF631 /* Base */,
			);
			name = LaunchScreen.storyboard;
			sourceTree = "<group>";
		};
/* End PBXVariantGroup section */

/* Begin XCBuildConfiguration section */
		C286BE3A2579E7D8009BF631 /* Debug */ = {
			isa = XCBuildConfiguration;
			buildSettings = {
				ALWAYS_SEARCH_USER_PATHS = NO;
				CLANG_ANALYZER_NONNULL = YES;
				CLANG_ANALYZER_NUMBER_OBJECT_CONVERSION = YES_AGGRESSIVE;
				CLANG_CXX_LANGUAGE_STANDARD = "gnu++14";
				CLANG_CXX_LIBRARY = "libc++";
				CLANG_ENABLE_MODULES = YES;
				CLANG_ENABLE_OBJC_ARC = YES;
				CLANG_ENABLE_OBJC_WEAK = YES;
				CLANG_WARN_BLOCK_CAPTURE_AUTORELEASING = YES;
				CLANG_WARN_BOOL_CONVERSION = YES;
				CLANG_WARN_COMMA = YES;
				CLANG_WARN_CONSTANT_CONVERSION = YES;
				CLANG_WARN_DEPRECATED_OBJC_IMPLEMENTATIONS = YES;
				CLANG_WARN_DIRECT_OBJC_ISA_USAGE = YES_ERROR;
				CLANG_WARN_DOCUMENTATION_COMMENTS = YES;
				CLANG_WARN_EMPTY_BODY = YES;
				CLANG_WARN_ENUM_CONVERSION = YES;
				CLANG_WARN_INFINITE_RECURSION = YES;
				CLANG_WARN_INT_CONVERSION = YES;
				CLANG_WARN_NON_LITERAL_NULL_CONVERSION = YES;
				CLANG_WARN_OBJC_IMPLICIT_RETAIN_SELF = YES;
				CLANG_WARN_OBJC_LITERAL_CONVERSION = YES;
				CLANG_WARN_OBJC_ROOT_CLASS = YES_ERROR;
				CLANG_WARN_QUOTED_INCLUDE_IN_FRAMEWORK_HEADER = YES;
				CLANG_WARN_RANGE_LOOP_ANALYSIS = YES;
				CLANG_WARN_STRICT_PROTOTYPES = YES;
				CLANG_WARN_SUSPICIOUS_MOVE = YES;
				CLANG_WARN_UNGUARDED_AVAILABILITY = YES_AGGRESSIVE;
				CLANG_WARN_UNREACHABLE_CODE = YES;
				CLANG_WARN__DUPLICATE_METHOD_MATCH = YES;
				COPY_PHASE_STRIP = NO;
				DEBUG_INFORMATION_FORMAT = dwarf;
				ENABLE_STRICT_OBJC_MSGSEND = YES;
				ENABLE_TESTABILITY = YES;
				GCC_C_LANGUAGE_STANDARD = gnu11;
				GCC_DYNAMIC_NO_PIC = NO;
				GCC_NO_COMMON_BLOCKS = YES;
				GCC_OPTIMIZATION_LEVEL = 0;
				GCC_PREPROCESSOR_DEFINITIONS = (
					"DEBUG=1",
					"$(inherited)",
				);
				GCC_WARN_64_TO_32_BIT_CONVERSION = YES;
				GCC_WARN_ABOUT_RETURN_TYPE = YES_ERROR;
				GCC_WARN_UNDECLARED_SELECTOR = YES;
				GCC_WARN_UNINITIALIZED_AUTOS = YES_AGGRESSIVE;
				GCC_WARN_UNUSED_FUNCTION = YES;
				GCC_WARN_UNUSED_VARIABLE = YES;
				IPHONEOS_DEPLOYMENT_TARGET = 14.2;
				MTL_ENABLE_DEBUG_INFO = INCLUDE_SOURCE;
				MTL_FAST_MATH = YES;
				ONLY_ACTIVE_ARCH = YES;
				SDKROOT = iphoneos;
				SWIFT_ACTIVE_COMPILATION_CONDITIONS = DEBUG;
				SWIFT_OPTIMIZATION_LEVEL = "-Onone";
			};
			name = Debug;
		};
		C286BE3B2579E7D8009BF631 /* Release */ = {
			isa = XCBuildConfiguration;
			buildSettings = {
				ALWAYS_SEARCH_USER_PATHS = NO;
				CLANG_ANALYZER_NONNULL = YES;
				CLANG_ANALYZER_NUMBER_OBJECT_CONVERSION = YES_AGGRESSIVE;
				CLANG_CXX_LANGUAGE_STANDARD = "gnu++14";
				CLANG_CXX_LIBRARY = "libc++";
				CLANG_ENABLE_MODULES = YES;
				CLANG_ENABLE_OBJC_ARC = YES;
				CLANG_ENABLE_OBJC_WEAK = YES;
				CLANG_WARN_BLOCK_CAPTURE_AUTORELEASING = YES;
				CLANG_WARN_BOOL_CONVERSION = YES;
				CLANG_WARN_COMMA = YES;
				CLANG_WARN_CONSTANT_CONVERSION = YES;
				CLANG_WARN_DEPRECATED_OBJC_IMPLEMENTATIONS = YES;
				CLANG_WARN_DIRECT_OBJC_ISA_USAGE = YES_ERROR;
				CLANG_WARN_DOCUMENTATION_COMMENTS = YES;
				CLANG_WARN_EMPTY_BODY = YES;
				CLANG_WARN_ENUM_CONVERSION = YES;
				CLANG_WARN_INFINITE_RECURSION = YES;
				CLANG_WARN_INT_CONVERSION = YES;
				CLANG_WARN_NON_LITERAL_NULL_CONVERSION = YES;
				CLANG_WARN_OBJC_IMPLICIT_RETAIN_SELF = YES;
				CLANG_WARN_OBJC_LITERAL_CONVERSION = YES;
				CLANG_WARN_OBJC_ROOT_CLASS = YES_ERROR;
				CLANG_WARN_QUOTED_INCLUDE_IN_FRAMEWORK_HEADER = YES;
				CLANG_WARN_RANGE_LOOP_ANALYSIS = YES;
				CLANG_WARN_STRICT_PROTOTYPES = YES;
				CLANG_WARN_SUSPICIOUS_MOVE = YES;
				CLANG_WARN_UNGUARDED_AVAILABILITY = YES_AGGRESSIVE;
				CLANG_WARN_UNREACHABLE_CODE = YES;
				CLANG_WARN__DUPLICATE_METHOD_MATCH = YES;
				COPY_PHASE_STRIP = NO;
				DEBUG_INFORMATION_FORMAT = "dwarf-with-dsym";
				ENABLE_NS_ASSERTIONS = NO;
				ENABLE_STRICT_OBJC_MSGSEND = YES;
				GCC_C_LANGUAGE_STANDARD = gnu11;
				GCC_NO_COMMON_BLOCKS = YES;
				GCC_WARN_64_TO_32_BIT_CONVERSION = YES;
				GCC_WARN_ABOUT_RETURN_TYPE = YES_ERROR;
				GCC_WARN_UNDECLARED_SELECTOR = YES;
				GCC_WARN_UNINITIALIZED_AUTOS = YES_AGGRESSIVE;
				GCC_WARN_UNUSED_FUNCTION = YES;
				GCC_WARN_UNUSED_VARIABLE = YES;
				IPHONEOS_DEPLOYMENT_TARGET = 14.2;
				MTL_ENABLE_DEBUG_INFO = NO;
				MTL_FAST_MATH = YES;
				SDKROOT = iphoneos;
				SWIFT_COMPILATION_MODE = wholemodule;
				SWIFT_OPTIMIZATION_LEVEL = "-O";
				VALIDATE_PRODUCT = YES;
			};
			name = Release;
		};
		C286BE3D2579E7D8009BF631 /* Debug */ = {
			isa = XCBuildConfiguration;
			baseConfigurationReference = 0D62FEC42A0CF8D0887ED6E0 /* Pods-TistorySample.debug.xcconfig */;
			buildSettings = {
				ASSETCATALOG_COMPILER_APPICON_NAME = AppIcon;
				ASSETCATALOG_COMPILER_GLOBAL_ACCENT_COLOR_NAME = AccentColor;
				CODE_SIGN_STYLE = Automatic;
				DEVELOPMENT_TEAM = 6C4YL9RLK7;
				INFOPLIST_FILE = TistorySample/Info.plist;
				LD_RUNPATH_SEARCH_PATHS = (
					"$(inherited)",
					"@executable_path/Frameworks",
				);
				PRODUCT_BUNDLE_IDENTIFIER = com.eunjin.TistorySample;
				PRODUCT_NAME = "$(TARGET_NAME)";
				SWIFT_VERSION = 5.0;
				TARGETED_DEVICE_FAMILY = "1,2";
			};
			name = Debug;
		};
		C286BE3E2579E7D8009BF631 /* Release */ = {
			isa = XCBuildConfiguration;
			baseConfigurationReference = 0FEB96F45904E0ACEEE8C0D8 /* Pods-TistorySample.release.xcconfig */;
			buildSettings = {
				ASSETCATALOG_COMPILER_APPICON_NAME = AppIcon;
				ASSETCATALOG_COMPILER_GLOBAL_ACCENT_COLOR_NAME = AccentColor;
				CODE_SIGN_STYLE = Automatic;
				DEVELOPMENT_TEAM = 6C4YL9RLK7;
				INFOPLIST_FILE = TistorySample/Info.plist;
				LD_RUNPATH_SEARCH_PATHS = (
					"$(inherited)",
					"@executable_path/Frameworks",
				);
				PRODUCT_BUNDLE_IDENTIFIER = com.eunjin.TistorySample;
				PRODUCT_NAME = "$(TARGET_NAME)";
				SWIFT_VERSION = 5.0;
				TARGETED_DEVICE_FAMILY = "1,2";
			};
			name = Release;
		};
/* End XCBuildConfiguration section */

/* Begin XCConfigurationList section */
		C286BE232579E7D5009BF631 /* Build configuration list for PBXProject "TistorySample" */ = {
			isa = XCConfigurationList;
			buildConfigurations = (
				C286BE3A2579E7D8009BF631 /* Debug */,
				C286BE3B2579E7D8009BF631 /* Release */,
			);
			defaultConfigurationIsVisible = 0;
			defaultConfigurationName = Release;
		};
		C286BE3C2579E7D8009BF631 /* Build configuration list for PBXNativeTarget "TistorySample" */ = {
			isa = XCConfigurationList;
			buildConfigurations = (
				C286BE3D2579E7D8009BF631 /* Debug */,
				C286BE3E2579E7D8009BF631 /* Release */,
			);
			defaultConfigurationIsVisible = 0;
			defaultConfigurationName = Release;
		};
/* End XCConfigurationList section */
	};
	rootObject = C286BE202579E7D5009BF631 /* Project object */;
}
